
Microsoft Visual Studio Solution File, Format Version 12.00
# Visual Studio Version 17
VisualStudioVersion = 17.8.34330.188
MinimumVisualStudioVersion = 10.0.40219.1
Project("{FAE04EC0-301F-11D3-BF4B-00C04F79EFBC}") = "LAB0702 XPath", "LAB0702 XPath\LAB0702 XPath.csproj", "{646CE6BA-221D-4B20-93FC-30C010AAD17B}"
EndProject
Global
	GlobalSection(SolutionConfigurationPlatforms) = preSolution
		Debug|Any CPU = Debug|Any CPU
		Release|Any CPU = Release|Any CPU
	EndGlobalSection
	GlobalSection(ProjectConfigurationPlatforms) = postSolution
		{646CE6BA-221D-4B20-93FC-30C010AAD17B}.Debug|Any CPU.ActiveCfg = Debug|Any CPU
		{646CE6BA-221D-4B20-93FC-30C010AAD17B}.Debug|Any CPU.Build.0 = Debug|Any CPU
		{646CE6BA-221D-4B20-93FC-30C010AAD17B}.Release|Any CPU.ActiveCfg = Release|Any CPU
		{646CE6BA-221D-4B20-93FC-30C010AAD17B}.Release|Any CPU.Build.0 = Release|Any CPU
	EndGlobalSection
	GlobalSection(SolutionProperties) = preSolution
		HideSolutionNode = FALSE
	EndGlobalSection
	GlobalSection(ExtensibilityGlobals) = postSolution
		SolutionGuid = {2E77EEA0-B0C9-4D74-8D7C-1DAA02384893}
	EndGlobalSection
EndGlobal
